
Microsoft Visual Studio Solution File, Format Version 12.00
# Visual Studio Version 17
VisualStudioVersion = 17.4.33205.214
MinimumVisualStudioVersion = 10.0.40219.1
Project("{FAE04EC0-301F-11D3-BF4B-00C04F79EFBC}") = "TARpv22", "TARpv22.csproj", "{07F753E8-EF54-4828-B024-0D29378F59F9}"
EndProject
Global
	GlobalSection(SolutionConfigurationPlatforms) = preSolution
		Debug|Any CPU = Debug|Any CPU
		Release|Any CPU = Release|Any CPU
	EndGlobalSection
	GlobalSection(ProjectConfigurationPlatforms) = postSolution
		{07F753E8-EF54-4828-B024-0D29378F59F9}.Debug|Any CPU.ActiveCfg = Debug|Any CPU
		{07F753E8-EF54-4828-B024-0D29378F59F9}.Debug|Any CPU.Build.0 = Debug|Any CPU
		{07F753E8-EF54-4828-B024-0D29378F59F9}.Release|Any CPU.ActiveCfg = Release|Any CPU
		{07F753E8-EF54-4828-B024-0D29378F59F9}.Release|Any CPU.Build.0 = Release|Any CPU
	EndGlobalSection
	GlobalSection(SolutionProperties) = preSolution
		HideSolutionNode = FALSE
	EndGlobalSection
	GlobalSection(ExtensibilityGlobals) = postSolution
		SolutionGuid = {37B97AA7-9AFE-4704-9B9B-3DC9DBEF7C6C}
	EndGlobalSection
EndGlobal
